
Microsoft Visual Studio Solution File, Format Version 11.00
# Visual Studio 2010
Project("{FAE04EC0-301F-11D3-BF4B-00C04F79EFBC}") = "BitSquared.Explorer", "BitSquared.Explorer\BitSquared.Explorer.csproj", "{DEC960D0-2883-44EF-A908-4BAC25E7B552}"
EndProject
Global
	GlobalSection(SolutionConfigurationPlatforms) = preSolution
		Debug|x86 = Debug|x86
		Release|x86 = Release|x86
	EndGlobalSection
	GlobalSection(ProjectConfigurationPlatforms) = postSolution
		{DEC960D0-2883-44EF-A908-4BAC25E7B552}.Debug|x86.ActiveCfg = Debug|x86
		{DEC960D0-2883-44EF-A908-4BAC25E7B552}.Debug|x86.Build.0 = Debug|x86
		{DEC960D0-2883-44EF-A908-4BAC25E7B552}.Release|x86.ActiveCfg = Release|x86
		{DEC960D0-2883-44EF-A908-4BAC25E7B552}.Release|x86.Build.0 = Release|x86
	EndGlobalSection
	GlobalSection(SolutionProperties) = preSolution
		HideSolutionNode = FALSE
	EndGlobalSection
EndGlobal
